%{
  "comeonin": {:hex, :comeonin, "1.6.0", "65d3217bf171feb2600ac639089d1316c5438407a30dfbe9f465d75500db2171", [:make, :mix], [{:comeonin_i18n, "~> 0.1", [hex: :comeonin_i18n, repo: "hexpm", optional: true]}], "hexpm", "40dd0da2c33696d19515888fd86b9ffdcad92d49e9a6b3b13df98e824897a1b1"},
  "connection": {:hex, :connection, "1.0.4", "a1cae72211f0eef17705aaededacac3eb30e6625b04a6117c1b2db6ace7d5976", [:mix], [], "hexpm", "4a0850c9be22a43af9920a71ab17c051f5f7d45c209e40269a1938832510e4d9"},
  "corsica": {:hex, :corsica, "0.4.2", "e01a1745b3273148d44c12c14db459e857ecd293311a0b8ddbd103dc2974907c", [:mix], [{:cowboy, ">= 1.0.0", [hex: :cowboy, repo: "hexpm", optional: false]}, {:plug, ">= 0.9.0", [hex: :plug, repo: "hexpm", optional: false]}], "hexpm", "6a06d3ffb4395cec11f253618d6411db4b14edb6e76e700abc757722deaf0f8d"},
  "cowboy": {:hex, :cowboy, "2.6.1", "f2e06f757c337b3b311f9437e6e072b678fcd71545a7b2865bdaa154d078593f", [:rebar3], [{:cowlib, "~> 2.7.0", [hex: :cowlib, repo: "hexpm", optional: false]}, {:ranch, "~> 1.7.1", [hex: :ranch, repo: "hexpm", optional: false]}], "hexpm", "41c14336e40d78d3bb655e76817d9f29def522024a5bb53894c27e0ae338cda0"},
  "cowlib": {:hex, :cowlib, "2.7.0", "3ef16e77562f9855a2605900cedb15c1462d76fb1be6a32fc3ae91973ee543d2", [:rebar3], [], "hexpm", "59f952d504b9921a6f53226fdb8b4a671bb694277c7ccf1ddeaadcdc6d43d88e"},
  "db_connection": {:hex, :db_connection, "2.0.6", "bde2f85d047969c5b5800cb8f4b3ed6316c8cb11487afedac4aa5f93fd39abfa", [:mix], [{:connection, "~> 1.0.2", [hex: :connection, repo: "hexpm", optional: false]}], "hexpm", "04687e59b683592734f9c9ff0d2a45fe13dd6d8ca39da72d30668fa73b8361b6"},
  "decimal": {:hex, :decimal, "1.7.0", "30d6b52c88541f9a66637359ddf85016df9eb266170d53105f02e4a67e00c5aa", [:mix], [], "hexpm", "771ea78576e5fa505ad58a834f57915c7f5f9df11c87a598a01fdf6065ccfb5d"},
  "ecto": {:hex, :ecto, "3.0.7", "44dda84ac6b17bbbdeb8ac5dfef08b7da253b37a453c34ab1a98de7f7e5fec7f", [:mix], [{:decimal, "~> 1.6", [hex: :decimal, repo: "hexpm", optional: false]}, {:jason, "~> 1.0", [hex: :jason, repo: "hexpm", optional: true]}, {:poison, "~> 2.2 or ~> 3.0", [hex: :poison, repo: "hexpm", optional: true]}], "hexpm", "8acd54c5c92c7dbe5a9e76adc22ffb4e2e76e5298989eed2068a4f04bc8e6fef"},
  "ecto_sql": {:hex, :ecto_sql, "3.0.5", "7e44172b4f7aca4469f38d7f6a3da394dbf43a1bcf0ca975e958cb957becd74e", [:mix], [{:db_connection, "~> 2.0", [hex: :db_connection, repo: "hexpm", optional: false]}, {:ecto, "~> 3.0.6", [hex: :ecto, repo: "hexpm", optional: false]}, {:mariaex, "~> 0.9.1", [hex: :mariaex, repo: "hexpm", optional: true]}, {:postgrex, "~> 0.14.0", [hex: :postgrex, repo: "hexpm", optional: true]}, {:telemetry, "~> 0.3.0", [hex: :telemetry, repo: "hexpm", optional: false]}], "hexpm", "e5bd47a499d27084afaa3c2154cfedb478ea2fcc926ef59fa515ee089701e390"},
  "fs": {:hex, :fs, "0.9.2", "ed17036c26c3f70ac49781ed9220a50c36775c6ca2cf8182d123b6566e49ec59", [:rebar], [], "hexpm", "9a00246e8af58cdf465ae7c48fd6fd7ba2e43300413dfcc25447ecd3bf76f0c1"},
  "gettext": {:hex, :gettext, "0.11.0", "80c1dd42d270482418fa158ec5ba073d2980e3718bacad86f3d4ad71d5667679", [:mix], [], "hexpm", "9688cb656d6bc13d174051256784066dde15c4ddae1f0335590a62952780b58b"},
  "good_times": {:hex, :good_times, "1.1.1", "7faa76021165e97143b4d933800a886b7675903c80535aa616fc42b8860a47d2", [:mix], [], "hexpm", "1ecb4524b506a5dde5fa9e2312d6f98249b4b45e49a74cf799a8577b52157b90"},
  "httpotion": {:hex, :httpotion, "3.0.0", "4ce0af28f4254bdd0457d0fe065a83787751e0a5b5f5d27030948253be38df5c", [:mix], [{:ibrowse, "~> 4.2", [hex: :ibrowse, repo: "hexpm", optional: false]}], "hexpm", "ca6364eaa9737ba305307e17d0277c80e57003fc0934b99f6a5048d7a4f932b8"},
  "ibrowse": {:hex, :ibrowse, "4.2.2", "b32b5bafcc77b7277eff030ed32e1acc3f610c64e9f6aea19822abcadf681b4b", [:rebar3], [], "hexpm", "b800cb7442bcc852c6832821e9d0a7098ff626e1415bddaeff4596640b31c0ae"},
  "jason": {:hex, :jason, "1.1.2", "b03dedea67a99223a2eaf9f1264ce37154564de899fd3d8b9a21b1a6fd64afe7", [:mix], [{:decimal, "~> 1.0", [hex: :decimal, repo: "hexpm", optional: true]}], "hexpm", "fdf843bca858203ae1de16da2ee206f53416bbda5dc8c9e78f43243de4bc3afe"},
  "mime": {:hex, :mime, "1.3.1", "30ce04ab3175b6ad0bdce0035cba77bba68b813d523d1aac73d9781b4d193cf8", [:mix], [], "hexpm", "6cbe761d6a0ca5a31a0931bf4c63204bceb64538e664a8ecf784a9a6f3b875f1"},
  "phoenix": {:hex, :phoenix, "1.4.2", "3a1250f22010daeee265923bae02f10b5434b569b999c1b18100b5da05834d93", [:mix], [{:jason, "~> 1.0", [hex: :jason, repo: "hexpm", optional: true]}, {:phoenix_pubsub, "~> 1.1", [hex: :phoenix_pubsub, repo: "hexpm", optional: false]}, {:plug, "~> 1.7", [hex: :plug, repo: "hexpm", optional: false]}, {:plug_cowboy, "~> 1.0 or ~> 2.0", [hex: :plug_cowboy, repo: "hexpm", optional: true]}], "hexpm", "b151387c59cea5fa532a7255c5a8af6183b82c41427c11c4467cfb6b4da94b58"},
  "phoenix_ecto": {:hex, :phoenix_ecto, "4.0.0", "c43117a136e7399ea04ecaac73f8f23ee0ffe3e07acfcb8062fe5f4c9f0f6531", [:mix], [{:ecto, "~> 3.0", [hex: :ecto, repo: "hexpm", optional: false]}, {:phoenix_html, "~> 2.9", [hex: :phoenix_html, repo: "hexpm", optional: true]}, {:plug, "~> 1.0", [hex: :plug, repo: "hexpm", optional: false]}], "hexpm", "fe15d9fee5b82f5e64800502011ffe530650d42e1710ae9b14bc4c9be38bf303"},
  "phoenix_html": {:hex, :phoenix_html, "2.13.1", "fa8f034b5328e2dfa0e4131b5569379003f34bc1fafdaa84985b0b9d2f12e68b", [:mix], [{:plug, "~> 1.5", [hex: :plug, repo: "hexpm", optional: false]}], "hexpm", "42e3cfa94e06de96330f40d99c34175df64fd0136de9b2b3426401c7a18b8964"},
  "phoenix_live_reload": {:hex, :phoenix_live_reload, "1.0.8", "4333f9c74190f485a74866beff2f9304f069d53f047f5fbb0fb8d1ee4c495f73", [:mix], [{:fs, "~> 0.9.1", [hex: :fs, repo: "hexpm", optional: false]}, {:phoenix, "~> 1.0 or ~> 1.2-rc", [hex: :phoenix, repo: "hexpm", optional: false]}], "hexpm", "af4d9faeb655ef933cf66fd4d83f8bb0146ab0da30c81cfbdc2152825970fa76"},
  "phoenix_pubsub": {:hex, :phoenix_pubsub, "1.1.2", "496c303bdf1b2e98a9d26e89af5bba3ab487ba3a3735f74bf1f4064d2a845a3e", [:mix], [], "hexpm", "1f13f9f0f3e769a667a6b6828d29dec37497a082d195cc52dbef401a9b69bf38"},
  "plug": {:hex, :plug, "1.7.2", "d7b7db7fbd755e8283b6c0a50be71ec0a3d67d9213d74422d9372effc8e87fd1", [:mix], [{:mime, "~> 1.0", [hex: :mime, repo: "hexpm", optional: false]}, {:plug_crypto, "~> 1.0", [hex: :plug_crypto, repo: "hexpm", optional: false]}], "hexpm", "de9825f21c6fd6adfdeae8f9c80dcd88c1e58301f06bf13d659b7e606b88abe0"},
  "plug_cowboy": {:hex, :plug_cowboy, "2.0.2", "6055f16868cc4882b24b6e1d63d2bada94fb4978413377a3b32ac16c18dffba2", [:mix], [{:cowboy, "~> 2.5", [hex: :cowboy, repo: "hexpm", optional: false]}, {:plug, "~> 1.7", [hex: :plug, repo: "hexpm", optional: false]}], "hexpm", "44a58653dda2b8cf69757c7f14c0920d4df0f79305ed8571bb93b2ea0a31a895"},
  "plug_crypto": {:hex, :plug_crypto, "1.0.0", "18e49317d3fa343f24620ed22795ec29d4a5e602d52d1513ccea0b07d8ea7d4d", [:mix], [], "hexpm", "73c1682f0e414cfb5d9b95c8e8cd6ffcfdae699e3b05e1db744e58b7be857759"},
  "poison": {:hex, :poison, "3.1.0", "d9eb636610e096f86f25d9a46f35a9facac35609a7591b3be3326e99a0484665", [:mix], [], "hexpm"},
  "poolboy": {:hex, :poolboy, "1.5.1", "6b46163901cfd0a1b43d692657ed9d7e599853b3b21b95ae5ae0a777cf9b6ca8", [:rebar], []},
  "postgrex": {:hex, :postgrex, "0.14.1", "63247d4a5ad6b9de57a0bac5d807e1c32d41e39c04b8a4156a26c63bcd8a2e49", [:mix], [{:connection, "~> 1.0", [hex: :connection, repo: "hexpm", optional: false]}, {:db_connection, "~> 2.0", [hex: :db_connection, repo: "hexpm", optional: false]}, {:decimal, "~> 1.5", [hex: :decimal, repo: "hexpm", optional: false]}, {:jason, "~> 1.0", [hex: :jason, repo: "hexpm", optional: true]}], "hexpm", "a20f189bdd5a219c484818fde18e09ace20cd15fe630a828fde70bd6efdeb23b"},
  "ranch": {:hex, :ranch, "1.7.1", "6b1fab51b49196860b733a49c07604465a47bdb78aa10c1c16a3d199f7f8c881", [:rebar3], [], "hexpm", "451d8527787df716d99dc36162fca05934915db0b6141bbdac2ea8d3c7afc7d7"},
  "telemetry": {:hex, :telemetry, "0.3.0", "099a7f3ce31e4780f971b4630a3c22ec66d22208bc090fe33a2a3a6a67754a73", [:rebar3], [], "hexpm", "63d9f37d319ff331a51f6221310deb5aac8ea3dcf5e0369d689121b5e52f72d4"},
}
